
Microsoft Visual Studio Solution File, Format Version 12.00
# Visual Studio 15
VisualStudioVersion = 15.0.27130.2010
MinimumVisualStudioVersion = 10.0.40219.1
Project("{FAE04EC0-301F-11D3-BF4B-00C04F79EFBC}") = "HR.DataModel", "HR.DataModel\HR.DataModel.csproj", "{F231033B-E24F-487F-A7B2-8590D48141E6}"
EndProject
Project("{FAE04EC0-301F-11D3-BF4B-00C04F79EFBC}") = "HR.Web", "HR.Web\HR.Web.csproj", "{376A190D-3F20-4FDE-B7E3-BF87DA2B1CF8}"
EndProject
Project("{FAE04EC0-301F-11D3-BF4B-00C04F79EFBC}") = "HR.Web.Tests", "HR.Web.Tests\HR.Web.Tests.csproj", "{8AA4825F-AAC2-4BEB-8A18-934CB368E71C}"
EndProject
Global
	GlobalSection(SolutionConfigurationPlatforms) = preSolution
		Debug|Any CPU = Debug|Any CPU
		Release|Any CPU = Release|Any CPU
	EndGlobalSection
	GlobalSection(ProjectConfigurationPlatforms) = postSolution
		{F231033B-E24F-487F-A7B2-8590D48141E6}.Debug|Any CPU.ActiveCfg = Debug|Any CPU
		{F231033B-E24F-487F-A7B2-8590D48141E6}.Debug|Any CPU.Build.0 = Debug|Any CPU
		{F231033B-E24F-487F-A7B2-8590D48141E6}.Release|Any CPU.ActiveCfg = Release|Any CPU
		{F231033B-E24F-487F-A7B2-8590D48141E6}.Release|Any CPU.Build.0 = Release|Any CPU
		{376A190D-3F20-4FDE-B7E3-BF87DA2B1CF8}.Debug|Any CPU.ActiveCfg = Debug|Any CPU
		{376A190D-3F20-4FDE-B7E3-BF87DA2B1CF8}.Debug|Any CPU.Build.0 = Debug|Any CPU
		{376A190D-3F20-4FDE-B7E3-BF87DA2B1CF8}.Release|Any CPU.ActiveCfg = Release|Any CPU
		{376A190D-3F20-4FDE-B7E3-BF87DA2B1CF8}.Release|Any CPU.Build.0 = Release|Any CPU
		{8AA4825F-AAC2-4BEB-8A18-934CB368E71C}.Debug|Any CPU.ActiveCfg = Debug|Any CPU
		{8AA4825F-AAC2-4BEB-8A18-934CB368E71C}.Debug|Any CPU.Build.0 = Debug|Any CPU
		{8AA4825F-AAC2-4BEB-8A18-934CB368E71C}.Release|Any CPU.ActiveCfg = Release|Any CPU
		{8AA4825F-AAC2-4BEB-8A18-934CB368E71C}.Release|Any CPU.Build.0 = Release|Any CPU
	EndGlobalSection
	GlobalSection(SolutionProperties) = preSolution
		HideSolutionNode = FALSE
	EndGlobalSection
	GlobalSection(ExtensibilityGlobals) = postSolution
		SolutionGuid = {F634F3AC-8B11-4F84-8D80-81B2AA2A283E}
	EndGlobalSection
EndGlobal
